{
  "name": "lobby-preview-renderer",
  "lockfileVersion": 3,
  "requires": true,
  "packages": {
    "": {
      "name": "lobby-preview-renderer",
      "dependencies": {
        "@fontsource/oswald": "^5.3.0",
        "@fontsource/permanent-marker": "^5.3.0",
        "@fontsource/roboto-condensed": "^5.3.0",
        "@fontsource/roboto-mono": "^5.3.0",
        "@fontsource/special-elite": "^5.3.0",
        "three": "0.160.0"
      },
      "devDependencies": {
        "playwright": "1.56.1"
      }
    },
    "node_modules/@fontsource/oswald": {
      "version": "5.3.0",
      "resolved": "https://registry.npmjs.org/@fontsource/oswald/-/oswald-5.3.0.tgz",
      "integrity": "sha512-16r2aHActe0pH+9FLdk/74/YxXM7HpGak05kAzx3RvSToiJwGvyhv6GvckPz+YuZmvL1nxWbEop2jAXRcXYPRg==",
      "license": "OFL-1.1",
      "funding": {
        "url": "https://github.com/sponsors/ayuhito"
      }
    },
    "node_modules/@fontsource/permanent-marker": {
      "version": "5.3.0",
      "resolved": "https://registry.npmjs.org/@fontsource/permanent-marker/-/permanent-marker-5.3.0.tgz",
      "integrity": "sha512-ZO/NtYW4SCc/iY8N3dmjWyDITcXJ/vhWZFgnwRcvzwCKKnScMrM/a2/6VHlsjCVuIgmPzNrCFbedEYhv+/jJBg==",
      "license": "Apache-2.0",
      "funding": {
        "url": "https://github.com/sponsors/ayuhito"
      }
    },
    "node_modules/@fontsource/roboto-condensed": {
      "version": "5.3.0",
      "resolved": "https://registry.npmjs.org/@fontsource/roboto-condensed/-/roboto-condensed-5.3.0.tgz",
      "integrity": "sha512-Vbh5pesre/M/Jspd10btdKRqLSTe3yn4l6B2tXHGElCeASfA7Pgdpu1mb8wTG8E72J4Xk6FUfqnSe46UN2QAog==",
      "license": "OFL-1.1",
      "funding": {
        "url": "https://github.com/sponsors/ayuhito"
      }
    },
    "node_modules/@fontsource/roboto-mono": {
      "version": "5.3.0",
      "resolved": "https://registry.npmjs.org/@fontsource/roboto-mono/-/roboto-mono-5.3.0.tgz",
      "integrity": "sha512-yhwplHMHW9dCk+1pZuERfcJe+K3rosGVZEoK0XktkxRSqQ9qsipSwwiuW2/8Qmtp9lzu3Ixa/ie4BMH3i8CkZQ==",
      "license": "OFL-1.1",
      "funding": {
        "url": "https://github.com/sponsors/ayuhito"
      }
    },
    "node_modules/@fontsource/special-elite": {
      "version": "5.3.0",
      "resolved": "https://registry.npmjs.org/@fontsource/special-elite/-/special-elite-5.3.0.tgz",
      "integrity": "sha512-fOQ9XU8m4KnqzcLibAXCxTsKzbxePNDjPqVss5GSMcPVCY1TuCv+Wq8gm1ebqIR6XS1rhMbQ7ECP9ocKVEEpTA==",
      "license": "Apache-2.0",
      "funding": {
        "url": "https://github.com/sponsors/ayuhito"
      }
    },
    "node_modules/fsevents": {
      "version": "2.3.2",
      "resolved": "https://registry.npmjs.org/fsevents/-/fsevents-2.3.2.tgz",
      "integrity": "sha512-xiqMQR4xAeHTuB9uWm+fFRcIOgKBMiOBP+eXiyT7jsgVCq1bkVygt00oASowB7EdtpOHaaPgKt812P9ab+DDKA==",
      "dev": true,
      "hasInstallScript": true,
      "license": "MIT",
      "optional": true,
      "os": [
        "darwin"
      ],
      "engines": {
        "node": "^8.16.0 || ^10.6.0 || >=11.0.0"
      }
    },
    "node_modules/playwright": {
      "version": "1.56.1",
      "resolved": "https://registry.npmjs.org/playwright/-/playwright-1.56.1.tgz",
      "integrity": "sha512-aFi5B0WovBHTEvpM3DzXTUaeN6eN0qWnTkKx4NQaH4Wvcmc153PdaY2UBdSYKaGYw+UyWXSVyxDUg5DoPEttjw==",
      "dev": true,
      "license": "Apache-2.0",
      "dependencies": {
        "playwright-core": "1.56.1"
      },
      "bin": {
        "playwright": "cli.js"
      },
      "engines": {
        "node": ">=18"
      },
      "optionalDependencies": {
        "fsevents": "2.3.2"
      }
    },
    "node_modules/playwright-core": {
      "version": "1.56.1",
      "resolved": "https://registry.npmjs.org/playwright-core/-/playwright-core-1.56.1.tgz",
      "integrity": "sha512-hutraynyn31F+Bifme+Ps9Vq59hKuUCz7H1kDOcBs+2oGguKkWTU50bBWrtz34OUWmIwpBTWDxaRPXrIXkgvmQ==",
      "dev": true,
      "license": "Apache-2.0",
      "bin": {
        "playwright-core": "cli.js"
      },
      "engines": {
        "node": ">=18"
      }
    },
    "node_modules/three": {
      "version": "0.160.0",
      "resolved": "https://registry.npmjs.org/three/-/three-0.160.0.tgz",
      "integrity": "sha512-DLU8lc0zNIPkM7rH5/e1Ks1Z8tWCGRq6g8mPowdDJpw1CFBJMU7UoJjC6PefXW7z//SSl0b2+GCw14LB+uDhng==",
      "license": "MIT"
    }
  }
}
